
Microsoft Visual Studio Solution File, Format Version 12.00
# Visual Studio Version 16
VisualStudioVersion = 16.0.36422.26
MinimumVisualStudioVersion = 10.0.40219.1
Project("{FAE04EC0-301F-11D3-BF4B-00C04F79EFBC}") = "html", "html.csproj", "{187B148A-3A6B-4295-A38C-A0671FED10B5}"
EndProject
Global
	GlobalSection(SolutionConfigurationPlatforms) = preSolution
		Debug|Any CPU = Debug|Any CPU
		Release|Any CPU = Release|Any CPU
	EndGlobalSection
	GlobalSection(ProjectConfigurationPlatforms) = postSolution
		{187B148A-3A6B-4295-A38C-A0671FED10B5}.Debug|Any CPU.ActiveCfg = Debug|Any CPU
		{187B148A-3A6B-4295-A38C-A0671FED10B5}.Debug|Any CPU.Build.0 = Debug|Any CPU
		{187B148A-3A6B-4295-A38C-A0671FED10B5}.Release|Any CPU.ActiveCfg = Release|Any CPU
		{187B148A-3A6B-4295-A38C-A0671FED10B5}.Release|Any CPU.Build.0 = Release|Any CPU
	EndGlobalSection
	GlobalSection(SolutionProperties) = preSolution
		HideSolutionNode = FALSE
	EndGlobalSection
	GlobalSection(ExtensibilityGlobals) = postSolution
		SolutionGuid = {6139673E-EFC7-4567-B3B6-CA3E74E9D7CF}
	EndGlobalSection
EndGlobal
